// !$*UTF8*$!
{
	archiveVersion = 1;
	classes = {
	};
	objectVersion = 51;
	objects = {

/* Begin PBXBuildFile section */
		955C83B4222442C100C83BB1 /* CommonCollectionViewController.swift in Sources */ = {isa = PBXBuildFile; fileRef = 955C83B3222442C100C83BB1 /* CommonCollectionViewController.swift */; };
		955C83B6222445B100C83BB1 /* OneDayCollectionViewCell.swift in Sources */ = {isa = PBXBuildFile; fileRef = 955C83B5222445B100C83BB1 /* OneDayCollectionViewCell.swift */; };
		958F456822118A8C00607385 /* AppDelegate.swift in Sources */ = {isa = PBXBuildFile; fileRef = 958F456722118A8C00607385 /* AppDelegate.swift */; };
		958F456D22118A8C00607385 /* Main.storyboard in Resources */ = {isa = PBXBuildFile; fileRef = 958F456B22118A8C00607385 /* Main.storyboard */; };
		958F456F22118A8E00607385 /* Assets.xcassets in Resources */ = {isa = PBXBuildFile; fileRef = 958F456E22118A8E00607385 /* Assets.xcassets */; };
		958F457222118A8E00607385 /* LaunchScreen.storyboard in Resources */ = {isa = PBXBuildFile; fileRef = 958F457022118A8E00607385 /* LaunchScreen.storyboard */; };
		95C2470D22119869008877AA /* ActivityTrackerApp.swift in Sources */ = {isa = PBXBuildFile; fileRef = 95C2470C22119869008877AA /* ActivityTrackerApp.swift */; };
		95C2470F221198D9008877AA /* DownloadClass.swift in Sources */ = {isa = PBXBuildFile; fileRef = 95C2470E221198D9008877AA /* DownloadClass.swift */; };
		95C2471122119BA3008877AA /* JsonParser.swift in Sources */ = {isa = PBXBuildFile; fileRef = 95C2471022119BA3008877AA /* JsonParser.swift */; };
		95C247132211A231008877AA /* TransformData.swift in Sources */ = {isa = PBXBuildFile; fileRef = 95C247122211A231008877AA /* TransformData.swift */; };
		95C247152211A362008877AA /* ConvertUnixTime.swift in Sources */ = {isa = PBXBuildFile; fileRef = 95C247142211A362008877AA /* ConvertUnixTime.swift */; };
/* End PBXBuildFile section */

/* Begin PBXFileReference section */
		955C83B3222442C100C83BB1 /* CommonCollectionViewController.swift */ = {isa = PBXFileReference; lastKnownFileType = sourcecode.swift; path = CommonCollectionViewController.swift; sourceTree = "<group>"; };
		955C83B5222445B100C83BB1 /* OneDayCollectionViewCell.swift */ = {isa = PBXFileReference; lastKnownFileType = sourcecode.swift; path = OneDayCollectionViewCell.swift; sourceTree = "<group>"; };
		958F456422118A8C00607385 /* ActivityTracker.app */ = {isa = PBXFileReference; explicitFileType = wrapper.application; includeInIndex = 0; path = ActivityTracker.app; sourceTree = BUILT_PRODUCTS_DIR; };
		958F456722118A8C00607385 /* AppDelegate.swift */ = {isa = PBXFileReference; lastKnownFileType = sourcecode.swift; path = AppDelegate.swift; sourceTree = "<group>"; };
		958F456C22118A8C00607385 /* Base */ = {isa = PBXFileReference; lastKnownFileType = file.storyboard; name = Base; path = Base.lproj/Main.storyboard; sourceTree = "<group>"; };
		958F456E22118A8E00607385 /* Assets.xcassets */ = {isa = PBXFileReference; lastKnownFileType = folder.assetcatalog; path = Assets.xcassets; sourceTree = "<group>"; };
		958F457122118A8E00607385 /* Base */ = {isa = PBXFileReference; lastKnownFileType = file.storyboard; name = Base; path = Base.lproj/LaunchScreen.storyboard; sourceTree = "<group>"; };
		958F457322118A8E00607385 /* Info.plist */ = {isa = PBXFileReference; lastKnownFileType = text.plist.xml; path = Info.plist; sourceTree = "<group>"; };
		95C2470C22119869008877AA /* ActivityTrackerApp.swift */ = {isa = PBXFileReference; lastKnownFileType = sourcecode.swift; path = ActivityTrackerApp.swift; sourceTree = "<group>"; };
		95C2470E221198D9008877AA /* DownloadClass.swift */ = {isa = PBXFileReference; lastKnownFileType = sourcecode.swift; path = DownloadClass.swift; sourceTree = "<group>"; };
		95C2471022119BA3008877AA /* JsonParser.swift */ = {isa = PBXFileReference; lastKnownFileType = sourcecode.swift; path = JsonParser.swift; sourceTree = "<group>"; };
		95C247122211A231008877AA /* TransformData.swift */ = {isa = PBXFileReference; lastKnownFileType = sourcecode.swift; path = TransformData.swift; sourceTree = "<group>"; };
		95C247142211A362008877AA /* ConvertUnixTime.swift */ = {isa = PBXFileReference; lastKnownFileType = sourcecode.swift; path = ConvertUnixTime.swift; sourceTree = "<group>"; };
/* End PBXFileReference section */

/* Begin PBXFrameworksBuildPhase section */
		958F456122118A8C00607385 /* Frameworks */ = {
			isa = PBXFrameworksBuildPhase;
			buildActionMask = 2147483647;
			files = (
			);
			runOnlyForDeploymentPostprocessing = 0;
		};
/* End PBXFrameworksBuildPhase section */

/* Begin PBXGroup section */
		958F455B22118A8C00607385 = {
			isa = PBXGroup;
			children = (
				958F456622118A8C00607385 /* ActivityTracker */,
				958F456522118A8C00607385 /* Products */,
			);
			sourceTree = "<group>";
		};
		958F456522118A8C00607385 /* Products */ = {
			isa = PBXGroup;
			children = (
				958F456422118A8C00607385 /* ActivityTracker.app */,
			);
			name = Products;
			sourceTree = "<group>";
		};
		958F456622118A8C00607385 /* ActivityTracker */ = {
			isa = PBXGroup;
			children = (
				958F456722118A8C00607385 /* AppDelegate.swift */,
				958F456E22118A8E00607385 /* Assets.xcassets */,
				958F457322118A8E00607385 /* Info.plist */,
				95D481B6223CDA5F00594783 /* Model */,
				95D481B8223CDAB200594783 /* View */,
				95D481B7223CDA8200594783 /* Controller */,
			);
			path = ActivityTracker;
			sourceTree = "<group>";
		};
		95D481B6223CDA5F00594783 /* Model */ = {
			isa = PBXGroup;
			children = (
				95C2470C22119869008877AA /* ActivityTrackerApp.swift */,
				95C247122211A231008877AA /* TransformData.swift */,
				95C247142211A362008877AA /* ConvertUnixTime.swift */,
				95C2471022119BA3008877AA /* JsonParser.swift */,
				95C2470E221198D9008877AA /* DownloadClass.swift */,
			);
			path = Model;
			sourceTree = "<group>";
		};
		95D481B7223CDA8200594783 /* Controller */ = {
			isa = PBXGroup;
			children = (
				955C83B3222442C100C83BB1 /* CommonCollectionViewController.swift */,
				955C83B5222445B100C83BB1 /* OneDayCollectionViewCell.swift */,
			);
			path = Controller;
			sourceTree = "<group>";
		};
		95D481B8223CDAB200594783 /* View */ = {
			isa = PBXGroup;
			children = (
				958F456B22118A8C00607385 /* Main.storyboard */,
				958F457022118A8E00607385 /* LaunchScreen.storyboard */,
			);
			path = View;
			sourceTree = "<group>";
		};
/* End PBXGroup section */

/* Begin PBXNativeTarget section */
		958F456322118A8C00607385 /* ActivityTracker */ = {
			isa = PBXNativeTarget;
			buildConfigurationList = 958F457622118A8E00607385 /* Build configuration list for PBXNativeTarget "ActivityTracker" */;
			buildPhases = (
				958F456022118A8C00607385 /* Sources */,
				958F456122118A8C00607385 /* Frameworks */,
				958F456222118A8C00607385 /* Resources */,
			);
			buildRules = (
			);
			dependencies = (
			);
			name = ActivityTracker;
			productName = ActivityTracker;
			productReference = 958F456422118A8C00607385 /* ActivityTracker.app */;
			productType = "com.apple.product-type.application";
		};
/* End PBXNativeTarget section */

/* Begin PBXProject section */
		958F455C22118A8C00607385 /* Project object */ = {
			isa = PBXProject;
			attributes = {
				LastSwiftUpdateCheck = 1010;
				LastUpgradeCheck = 1010;
				ORGANIZATIONNAME = "Nikolay Rybin";
				TargetAttributes = {
					958F456322118A8C00607385 = {
						CreatedOnToolsVersion = 10.1;
					};
				};
			};
			buildConfigurationList = 958F455F22118A8C00607385 /* Build configuration list for PBXProject "ActivityTracker" */;
			compatibilityVersion = "Xcode 10.0";
			developmentRegion = en;
			hasScannedForEncodings = 0;
			knownRegions = (
				en,
				Base,
			);
			mainGroup = 958F455B22118A8C00607385;
			productRefGroup = 958F456522118A8C00607385 /* Products */;
			projectDirPath = "";
			projectRoot = "";
			targets = (
				958F456322118A8C00607385 /* ActivityTracker */,
			);
		};
/* End PBXProject section */

/* Begin PBXResourcesBuildPhase section */
		958F456222118A8C00607385 /* Resources */ = {
			isa = PBXResourcesBuildPhase;
			buildActionMask = 2147483647;
			files = (
				958F457222118A8E00607385 /* LaunchScreen.storyboard in Resources */,
				958F456F22118A8E00607385 /* Assets.xcassets in Resources */,
				958F456D22118A8C00607385 /* Main.storyboard in Resources */,
			);
			runOnlyForDeploymentPostprocessing = 0;
		};
/* End PBXResourcesBuildPhase section */

/* Begin PBXSourcesBuildPhase section */
		958F456022118A8C00607385 /* Sources */ = {
			isa = PBXSourcesBuildPhase;
			buildActionMask = 2147483647;
			files = (
				955C83B4222442C100C83BB1 /* CommonCollectionViewController.swift in Sources */,
				95C2470F221198D9008877AA /* DownloadClass.swift in Sources */,
				95C2471122119BA3008877AA /* JsonParser.swift in Sources */,
				95C2470D22119869008877AA /* ActivityTrackerApp.swift in Sources */,
				95C247152211A362008877AA /* ConvertUnixTime.swift in Sources */,
				95C247132211A231008877AA /* TransformData.swift in Sources */,
				955C83B6222445B100C83BB1 /* OneDayCollectionViewCell.swift in Sources */,
				958F456822118A8C00607385 /* AppDelegate.swift in Sources */,
			);
			runOnlyForDeploymentPostprocessing = 0;
		};
/* End PBXSourcesBuildPhase section */

/* Begin PBXVariantGroup section */
		958F456B22118A8C00607385 /* Main.storyboard */ = {
			isa = PBXVariantGroup;
			children = (
				958F456C22118A8C00607385 /* Base */,
			);
			name = Main.storyboard;
			sourceTree = "<group>";
		};
		958F457022118A8E00607385 /* LaunchScreen.storyboard */ = {
			isa = PBXVariantGroup;
			children = (
				958F457122118A8E00607385 /* Base */,
			);
			name = LaunchScreen.storyboard;
			sourceTree = "<group>";
		};
/* End PBXVariantGroup section */

/* Begin XCBuildConfiguration section */
		958F457422118A8E00607385 /* Debug */ = {
			isa = XCBuildConfiguration;
			buildSettings = {
				ALWAYS_SEARCH_USER_PATHS = NO;
				CLANG_ANALYZER_NONNULL = YES;
				CLANG_ANALYZER_NUMBER_OBJECT_CONVERSION = YES_AGGRESSIVE;
				CLANG_CXX_LANGUAGE_STANDARD = "gnu++14";
				CLANG_CXX_LIBRARY = "libc++";
				CLANG_ENABLE_MODULES = YES;
				CLANG_ENABLE_OBJC_ARC = YES;
				CLANG_ENABLE_OBJC_WEAK = YES;
				CLANG_WARN_BLOCK_CAPTURE_AUTORELEASING = YES;
				CLANG_WARN_BOOL_CONVERSION = YES;
				CLANG_WARN_COMMA = YES;
				CLANG_WARN_CONSTANT_CONVERSION = YES;
				CLANG_WARN_DEPRECATED_OBJC_IMPLEMENTATIONS = YES;
				CLANG_WARN_DIRECT_OBJC_ISA_USAGE = YES_ERROR;
				CLANG_WARN_DOCUMENTATION_COMMENTS = YES;
				CLANG_WARN_EMPTY_BODY = YES;
				CLANG_WARN_ENUM_CONVERSION = YES;
				CLANG_WARN_INFINITE_RECURSION = YES;
				CLANG_WARN_INT_CONVERSION = YES;
				CLANG_WARN_NON_LITERAL_NULL_CONVERSION = YES;
				CLANG_WARN_OBJC_IMPLICIT_RETAIN_SELF = YES;
				CLANG_WARN_OBJC_LITERAL_CONVERSION = YES;
				CLANG_WARN_OBJC_ROOT_CLASS = YES_ERROR;
				CLANG_WARN_RANGE_LOOP_ANALYSIS = YES;
				CLANG_WARN_STRICT_PROTOTYPES = YES;
				CLANG_WARN_SUSPICIOUS_MOVE = YES;
				CLANG_WARN_UNGUARDED_AVAILABILITY = YES_AGGRESSIVE;
				CLANG_WARN_UNREACHABLE_CODE = YES;
				CLANG_WARN__DUPLICATE_METHOD_MATCH = YES;
				CODE_SIGN_IDENTITY = "iPhone Developer";
				COPY_PHASE_STRIP = NO;
				DEBUG_INFORMATION_FORMAT = dwarf;
				ENABLE_STRICT_OBJC_MSGSEND = YES;
				ENABLE_TESTABILITY = YES;
				GCC_C_LANGUAGE_STANDARD = gnu11;
				GCC_DYNAMIC_NO_PIC = NO;
				GCC_NO_COMMON_BLOCKS = YES;
				GCC_OPTIMIZATION_LEVEL = 0;
				GCC_PREPROCESSOR_DEFINITIONS = (
					"DEBUG=1",
					"$(inherited)",
				);
				GCC_WARN_64_TO_32_BIT_CONVERSION = YES;
				GCC_WARN_ABOUT_RETURN_TYPE = YES_ERROR;
				GCC_WARN_UNDECLARED_SELECTOR = YES;
				GCC_WARN_UNINITIALIZED_AUTOS = YES_AGGRESSIVE;
				GCC_WARN_UNUSED_FUNCTION = YES;
				GCC_WARN_UNUSED_VARIABLE = YES;
				IPHONEOS_DEPLOYMENT_TARGET = 12.1;
				MTL_ENABLE_DEBUG_INFO = INCLUDE_SOURCE;
				MTL_FAST_MATH = YES;
				ONLY_ACTIVE_ARCH = YES;
				SDKROOT = iphoneos;
				SWIFT_ACTIVE_COMPILATION_CONDITIONS = DEBUG;
				SWIFT_OPTIMIZATION_LEVEL = "-Onone";
			};
			name = Debug;
		};
		958F457522118A8E00607385 /* Release */ = {
			isa = XCBuildConfiguration;
			buildSettings = {
				ALWAYS_SEARCH_USER_PATHS = NO;
				CLANG_ANALYZER_NONNULL = YES;
				CLANG_ANALYZER_NUMBER_OBJECT_CONVERSION = YES_AGGRESSIVE;
				CLANG_CXX_LANGUAGE_STANDARD = "gnu++14";
				CLANG_CXX_LIBRARY = "libc++";
				CLANG_ENABLE_MODULES = YES;
				CLANG_ENABLE_OBJC_ARC = YES;
				CLANG_ENABLE_OBJC_WEAK = YES;
				CLANG_WARN_BLOCK_CAPTURE_AUTORELEASING = YES;
				CLANG_WARN_BOOL_CONVERSION = YES;
				CLANG_WARN_COMMA = YES;
				CLANG_WARN_CONSTANT_CONVERSION = YES;
				CLANG_WARN_DEPRECATED_OBJC_IMPLEMENTATIONS = YES;
				CLANG_WARN_DIRECT_OBJC_ISA_USAGE = YES_ERROR;
				CLANG_WARN_DOCUMENTATION_COMMENTS = YES;
				CLANG_WARN_EMPTY_BODY = YES;
				CLANG_WARN_ENUM_CONVERSION = YES;
				CLANG_WARN_INFINITE_RECURSION = YES;
				CLANG_WARN_INT_CONVERSION = YES;
				CLANG_WARN_NON_LITERAL_NULL_CONVERSION = YES;
				CLANG_WARN_OBJC_IMPLICIT_RETAIN_SELF = YES;
				CLANG_WARN_OBJC_LITERAL_CONVERSION = YES;
				CLANG_WARN_OBJC_ROOT_CLASS = YES_ERROR;
				CLANG_WARN_RANGE_LOOP_ANALYSIS = YES;
				CLANG_WARN_STRICT_PROTOTYPES = YES;
				CLANG_WARN_SUSPICIOUS_MOVE = YES;
				CLANG_WARN_UNGUARDED_AVAILABILITY = YES_AGGRESSIVE;
				CLANG_WARN_UNREACHABLE_CODE = YES;
				CLANG_WARN__DUPLICATE_METHOD_MATCH = YES;
				CODE_SIGN_IDENTITY = "iPhone Developer";
				COPY_PHASE_STRIP = NO;
				DEBUG_INFORMATION_FORMAT = "dwarf-with-dsym";
				ENABLE_NS_ASSERTIONS = NO;
				ENABLE_STRICT_OBJC_MSGSEND = YES;
				GCC_C_LANGUAGE_STANDARD = gnu11;
				GCC_NO_COMMON_BLOCKS = YES;
				GCC_WARN_64_TO_32_BIT_CONVERSION = YES;
				GCC_WARN_ABOUT_RETURN_TYPE = YES_ERROR;
				GCC_WARN_UNDECLARED_SELECTOR = YES;
				GCC_WARN_UNINITIALIZED_AUTOS = YES_AGGRESSIVE;
				GCC_WARN_UNUSED_FUNCTION = YES;
				GCC_WARN_UNUSED_VARIABLE = YES;
				IPHONEOS_DEPLOYMENT_TARGET = 12.1;
				MTL_ENABLE_DEBUG_INFO = NO;
				MTL_FAST_MATH = YES;
				SDKROOT = iphoneos;
				SWIFT_COMPILATION_MODE = wholemodule;
				SWIFT_OPTIMIZATION_LEVEL = "-O";
				VALIDATE_PRODUCT = YES;
			};
			name = Release;
		};
		958F457722118A8E00607385 /* Debug */ = {
			isa = XCBuildConfiguration;
			buildSettings = {
				ASSETCATALOG_COMPILER_APPICON_NAME = AppIcon;
				CODE_SIGN_IDENTITY = "iPhone Developer";
				CODE_SIGN_STYLE = Automatic;
				DEVELOPMENT_TEAM = A5MN54QZUH;
				INFOPLIST_FILE = ActivityTracker/Info.plist;
				LD_RUNPATH_SEARCH_PATHS = (
					"$(inherited)",
					"@executable_path/Frameworks",
				);
				PRODUCT_BUNDLE_IDENTIFIER = Ryb.CO.ActivityTracker;
				PRODUCT_NAME = "$(TARGET_NAME)";
				PROVISIONING_PROFILE_SPECIFIER = "";
				SWIFT_VERSION = 4.2;
				TARGETED_DEVICE_FAMILY = "1,2";
			};
			name = Debug;
		};
		958F457822118A8E00607385 /* Release */ = {
			isa = XCBuildConfiguration;
			buildSettings = {
				ASSETCATALOG_COMPILER_APPICON_NAME = AppIcon;
				CODE_SIGN_IDENTITY = "iPhone Developer";
				CODE_SIGN_STYLE = Automatic;
				DEVELOPMENT_TEAM = A5MN54QZUH;
				INFOPLIST_FILE = ActivityTracker/Info.plist;
				LD_RUNPATH_SEARCH_PATHS = (
					"$(inherited)",
					"@executable_path/Frameworks",
				);
				PRODUCT_BUNDLE_IDENTIFIER = Ryb.CO.ActivityTracker;
				PRODUCT_NAME = "$(TARGET_NAME)";
				PROVISIONING_PROFILE_SPECIFIER = "";
				SWIFT_VERSION = 4.2;
				TARGETED_DEVICE_FAMILY = "1,2";
			};
			name = Release;
		};
/* End XCBuildConfiguration section */

/* Begin XCConfigurationList section */
		958F455F22118A8C00607385 /* Build configuration list for PBXProject "ActivityTracker" */ = {
			isa = XCConfigurationList;
			buildConfigurations = (
				958F457422118A8E00607385 /* Debug */,
				958F457522118A8E00607385 /* Release */,
			);
			defaultConfigurationIsVisible = 0;
			defaultConfigurationName = Release;
		};
		958F457622118A8E00607385 /* Build configuration list for PBXNativeTarget "ActivityTracker" */ = {
			isa = XCConfigurationList;
			buildConfigurations = (
				958F457722118A8E00607385 /* Debug */,
				958F457822118A8E00607385 /* Release */,
			);
			defaultConfigurationIsVisible = 0;
			defaultConfigurationName = Release;
		};
/* End XCConfigurationList section */
	};
	rootObject = 958F455C22118A8C00607385 /* Project object */;
}
